// !$*UTF8*$!
{
	archiveVersion = 1;
	classes = {
	};
	objectVersion = 50;
	objects = {

/* Begin PBXBuildFile section */
		04A69847219658C80071C9C5 /* AppDelegate.swift in Sources */ = {isa = PBXBuildFile; fileRef = 04A69846219658C80071C9C5 /* AppDelegate.swift */; };
		04A69849219658C80071C9C5 /* ViewController.swift in Sources */ = {isa = PBXBuildFile; fileRef = 04A69848219658C80071C9C5 /* ViewController.swift */; };
		04A6984C219658C80071C9C5 /* Main.storyboard in Resources */ = {isa = PBXBuildFile; fileRef = 04A6984A219658C80071C9C5 /* Main.storyboard */; };
		04A6984E219658CB0071C9C5 /* Assets.xcassets in Resources */ = {isa = PBXBuildFile; fileRef = 04A6984D219658CB0071C9C5 /* Assets.xcassets */; };
		04A69851219658CB0071C9C5 /* LaunchScreen.storyboard in Resources */ = {isa = PBXBuildFile; fileRef = 04A6984F219658CB0071C9C5 /* LaunchScreen.storyboard */; };
		04A6985C219658CB0071C9C5 /* iOSArcTouchChallengeTests.swift in Sources */ = {isa = PBXBuildFile; fileRef = 04A6985B219658CB0071C9C5 /* iOSArcTouchChallengeTests.swift */; };
		04A6986B2196594A0071C9C5 /* Movie.swift in Sources */ = {isa = PBXBuildFile; fileRef = 04A6986A2196594A0071C9C5 /* Movie.swift */; };
		04A6986D219659560071C9C5 /* MovieDetail.swift in Sources */ = {isa = PBXBuildFile; fileRef = 04A6986C219659560071C9C5 /* MovieDetail.swift */; };
		04A6986F21965A730071C9C5 /* Genre.swift in Sources */ = {isa = PBXBuildFile; fileRef = 04A6986E21965A730071C9C5 /* Genre.swift */; };
		04A6987121965B220071C9C5 /* Configuration.swift in Sources */ = {isa = PBXBuildFile; fileRef = 04A6987021965B220071C9C5 /* Configuration.swift */; };
/* End PBXBuildFile section */

/* Begin PBXContainerItemProxy section */
		04A69858219658CB0071C9C5 /* PBXContainerItemProxy */ = {
			isa = PBXContainerItemProxy;
			containerPortal = 04A6983B219658C80071C9C5 /* Project object */;
			proxyType = 1;
			remoteGlobalIDString = 04A69842219658C80071C9C5;
			remoteInfo = iOSArcTouchChallenge;
		};
/* End PBXContainerItemProxy section */

/* Begin PBXFileReference section */
		04A69843219658C80071C9C5 /* iOSArcTouchChallenge.app */ = {isa = PBXFileReference; explicitFileType = wrapper.application; includeInIndex = 0; path = iOSArcTouchChallenge.app; sourceTree = BUILT_PRODUCTS_DIR; };
		04A69846219658C80071C9C5 /* AppDelegate.swift */ = {isa = PBXFileReference; lastKnownFileType = sourcecode.swift; path = AppDelegate.swift; sourceTree = "<group>"; };
		04A69848219658C80071C9C5 /* ViewController.swift */ = {isa = PBXFileReference; lastKnownFileType = sourcecode.swift; path = ViewController.swift; sourceTree = "<group>"; };
		04A6984B219658C80071C9C5 /* Base */ = {isa = PBXFileReference; lastKnownFileType = file.storyboard; name = Base; path = Base.lproj/Main.storyboard; sourceTree = "<group>"; };
		04A6984D219658CB0071C9C5 /* Assets.xcassets */ = {isa = PBXFileReference; lastKnownFileType = folder.assetcatalog; path = Assets.xcassets; sourceTree = "<group>"; };
		04A69850219658CB0071C9C5 /* Base */ = {isa = PBXFileReference; lastKnownFileType = file.storyboard; name = Base; path = Base.lproj/LaunchScreen.storyboard; sourceTree = "<group>"; };
		04A69852219658CB0071C9C5 /* Info.plist */ = {isa = PBXFileReference; lastKnownFileType = text.plist.xml; path = Info.plist; sourceTree = "<group>"; };
		04A69857219658CB0071C9C5 /* iOSArcTouchChallengeTests.xctest */ = {isa = PBXFileReference; explicitFileType = wrapper.cfbundle; includeInIndex = 0; path = iOSArcTouchChallengeTests.xctest; sourceTree = BUILT_PRODUCTS_DIR; };
		04A6985B219658CB0071C9C5 /* iOSArcTouchChallengeTests.swift */ = {isa = PBXFileReference; lastKnownFileType = sourcecode.swift; path = iOSArcTouchChallengeTests.swift; sourceTree = "<group>"; };
		04A6985D219658CB0071C9C5 /* Info.plist */ = {isa = PBXFileReference; lastKnownFileType = text.plist.xml; path = Info.plist; sourceTree = "<group>"; };
		04A6986A2196594A0071C9C5 /* Movie.swift */ = {isa = PBXFileReference; lastKnownFileType = sourcecode.swift; path = Movie.swift; sourceTree = "<group>"; };
		04A6986C219659560071C9C5 /* MovieDetail.swift */ = {isa = PBXFileReference; lastKnownFileType = sourcecode.swift; path = MovieDetail.swift; sourceTree = "<group>"; };
		04A6986E21965A730071C9C5 /* Genre.swift */ = {isa = PBXFileReference; lastKnownFileType = sourcecode.swift; path = Genre.swift; sourceTree = "<group>"; };
		04A6987021965B220071C9C5 /* Configuration.swift */ = {isa = PBXFileReference; lastKnownFileType = sourcecode.swift; path = Configuration.swift; sourceTree = "<group>"; };
/* End PBXFileReference section */

/* Begin PBXFrameworksBuildPhase section */
		04A69840219658C80071C9C5 /* Frameworks */ = {
			isa = PBXFrameworksBuildPhase;
			buildActionMask = 2147483647;
			files = (
			);
			runOnlyForDeploymentPostprocessing = 0;
		};
		04A69854219658CB0071C9C5 /* Frameworks */ = {
			isa = PBXFrameworksBuildPhase;
			buildActionMask = 2147483647;
			files = (
			);
			runOnlyForDeploymentPostprocessing = 0;
		};
/* End PBXFrameworksBuildPhase section */

/* Begin PBXGroup section */
		04A6983A219658C80071C9C5 = {
			isa = PBXGroup;
			children = (
				04A69845219658C80071C9C5 /* iOSArcTouchChallenge */,
				04A6985A219658CB0071C9C5 /* iOSArcTouchChallengeTests */,
				04A69844219658C80071C9C5 /* Products */,
			);
			sourceTree = "<group>";
		};
		04A69844219658C80071C9C5 /* Products */ = {
			isa = PBXGroup;
			children = (
				04A69843219658C80071C9C5 /* iOSArcTouchChallenge.app */,
				04A69857219658CB0071C9C5 /* iOSArcTouchChallengeTests.xctest */,
			);
			name = Products;
			sourceTree = "<group>";
		};
		04A69845219658C80071C9C5 /* iOSArcTouchChallenge */ = {
			isa = PBXGroup;
			children = (
				04A69866219658DA0071C9C5 /* Supporting Files */,
				04A69848219658C80071C9C5 /* ViewController.swift */,
				04A6984A219658C80071C9C5 /* Main.storyboard */,
			);
			path = iOSArcTouchChallenge;
			sourceTree = "<group>";
		};
		04A6985A219658CB0071C9C5 /* iOSArcTouchChallengeTests */ = {
			isa = PBXGroup;
			children = (
				04A6985B219658CB0071C9C5 /* iOSArcTouchChallengeTests.swift */,
				04A6985D219658CB0071C9C5 /* Info.plist */,
			);
			path = iOSArcTouchChallengeTests;
			sourceTree = "<group>";
		};
		04A69866219658DA0071C9C5 /* Supporting Files */ = {
			isa = PBXGroup;
			children = (
				04A698672196592A0071C9C5 /* Domain */,
				04A6984F219658CB0071C9C5 /* LaunchScreen.storyboard */,
				04A69852219658CB0071C9C5 /* Info.plist */,
				04A6984D219658CB0071C9C5 /* Assets.xcassets */,
				04A69846219658C80071C9C5 /* AppDelegate.swift */,
			);
			path = "Supporting Files";
			sourceTree = "<group>";
		};
		04A698672196592A0071C9C5 /* Domain */ = {
			isa = PBXGroup;
			children = (
				04A698692196593B0071C9C5 /* Use Cases */,
				04A69868219659360071C9C5 /* Model */,
			);
			path = Domain;
			sourceTree = "<group>";
		};
		04A69868219659360071C9C5 /* Model */ = {
			isa = PBXGroup;
			children = (
				04A6986A2196594A0071C9C5 /* Movie.swift */,
				04A6986C219659560071C9C5 /* MovieDetail.swift */,
				04A6986E21965A730071C9C5 /* Genre.swift */,
				04A6987021965B220071C9C5 /* Configuration.swift */,
			);
			path = Model;
			sourceTree = "<group>";
		};
		04A698692196593B0071C9C5 /* Use Cases */ = {
			isa = PBXGroup;
			children = (
			);
			path = "Use Cases";
			sourceTree = "<group>";
		};
/* End PBXGroup section */

/* Begin PBXNativeTarget section */
		04A69842219658C80071C9C5 /* iOSArcTouchChallenge */ = {
			isa = PBXNativeTarget;
			buildConfigurationList = 04A69860219658CB0071C9C5 /* Build configuration list for PBXNativeTarget "iOSArcTouchChallenge" */;
			buildPhases = (
				04A6983F219658C80071C9C5 /* Sources */,
				04A69840219658C80071C9C5 /* Frameworks */,
				04A69841219658C80071C9C5 /* Resources */,
			);
			buildRules = (
			);
			dependencies = (
			);
			name = iOSArcTouchChallenge;
			productName = iOSArcTouchChallenge;
			productReference = 04A69843219658C80071C9C5 /* iOSArcTouchChallenge.app */;
			productType = "com.apple.product-type.application";
		};
		04A69856219658CB0071C9C5 /* iOSArcTouchChallengeTests */ = {
			isa = PBXNativeTarget;
			buildConfigurationList = 04A69863219658CB0071C9C5 /* Build configuration list for PBXNativeTarget "iOSArcTouchChallengeTests" */;
			buildPhases = (
				04A69853219658CB0071C9C5 /* Sources */,
				04A69854219658CB0071C9C5 /* Frameworks */,
				04A69855219658CB0071C9C5 /* Resources */,
			);
			buildRules = (
			);
			dependencies = (
				04A69859219658CB0071C9C5 /* PBXTargetDependency */,
			);
			name = iOSArcTouchChallengeTests;
			productName = iOSArcTouchChallengeTests;
			productReference = 04A69857219658CB0071C9C5 /* iOSArcTouchChallengeTests.xctest */;
			productType = "com.apple.product-type.bundle.unit-test";
		};
/* End PBXNativeTarget section */

/* Begin PBXProject section */
		04A6983B219658C80071C9C5 /* Project object */ = {
			isa = PBXProject;
			attributes = {
				LastSwiftUpdateCheck = 1010;
				LastUpgradeCheck = 1010;
				ORGANIZATIONNAME = "Ricardo Sgobbe";
				TargetAttributes = {
					04A69842219658C80071C9C5 = {
						CreatedOnToolsVersion = 10.1;
					};
					04A69856219658CB0071C9C5 = {
						CreatedOnToolsVersion = 10.1;
						TestTargetID = 04A69842219658C80071C9C5;
					};
				};
			};
			buildConfigurationList = 04A6983E219658C80071C9C5 /* Build configuration list for PBXProject "iOSArcTouchChallenge" */;
			compatibilityVersion = "Xcode 9.3";
			developmentRegion = en;
			hasScannedForEncodings = 0;
			knownRegions = (
				en,
				Base,
			);
			mainGroup = 04A6983A219658C80071C9C5;
			productRefGroup = 04A69844219658C80071C9C5 /* Products */;
			projectDirPath = "";
			projectRoot = "";
			targets = (
				04A69842219658C80071C9C5 /* iOSArcTouchChallenge */,
				04A69856219658CB0071C9C5 /* iOSArcTouchChallengeTests */,
			);
		};
/* End PBXProject section */

/* Begin PBXResourcesBuildPhase section */
		04A69841219658C80071C9C5 /* Resources */ = {
			isa = PBXResourcesBuildPhase;
			buildActionMask = 2147483647;
			files = (
				04A69851219658CB0071C9C5 /* LaunchScreen.storyboard in Resources */,
				04A6984E219658CB0071C9C5 /* Assets.xcassets in Resources */,
				04A6984C219658C80071C9C5 /* Main.storyboard in Resources */,
			);
			runOnlyForDeploymentPostprocessing = 0;
		};
		04A69855219658CB0071C9C5 /* Resources */ = {
			isa = PBXResourcesBuildPhase;
			buildActionMask = 2147483647;
			files = (
			);
			runOnlyForDeploymentPostprocessing = 0;
		};
/* End PBXResourcesBuildPhase section */

/* Begin PBXSourcesBuildPhase section */
		04A6983F219658C80071C9C5 /* Sources */ = {
			isa = PBXSourcesBuildPhase;
			buildActionMask = 2147483647;
			files = (
				04A6987121965B220071C9C5 /* Configuration.swift in Sources */,
				04A69849219658C80071C9C5 /* ViewController.swift in Sources */,
				04A69847219658C80071C9C5 /* AppDelegate.swift in Sources */,
				04A6986B2196594A0071C9C5 /* Movie.swift in Sources */,
				04A6986D219659560071C9C5 /* MovieDetail.swift in Sources */,
				04A6986F21965A730071C9C5 /* Genre.swift in Sources */,
			);
			runOnlyForDeploymentPostprocessing = 0;
		};
		04A69853219658CB0071C9C5 /* Sources */ = {
			isa = PBXSourcesBuildPhase;
			buildActionMask = 2147483647;
			files = (
				04A6985C219658CB0071C9C5 /* iOSArcTouchChallengeTests.swift in Sources */,
			);
			runOnlyForDeploymentPostprocessing = 0;
		};
/* End PBXSourcesBuildPhase section */

/* Begin PBXTargetDependency section */
		04A69859219658CB0071C9C5 /* PBXTargetDependency */ = {
			isa = PBXTargetDependency;
			target = 04A69842219658C80071C9C5 /* iOSArcTouchChallenge */;
			targetProxy = 04A69858219658CB0071C9C5 /* PBXContainerItemProxy */;
		};
/* End PBXTargetDependency section */

/* Begin PBXVariantGroup section */
		04A6984A219658C80071C9C5 /* Main.storyboard */ = {
			isa = PBXVariantGroup;
			children = (
				04A6984B219658C80071C9C5 /* Base */,
			);
			name = Main.storyboard;
			sourceTree = "<group>";
		};
		04A6984F219658CB0071C9C5 /* LaunchScreen.storyboard */ = {
			isa = PBXVariantGroup;
			children = (
				04A69850219658CB0071C9C5 /* Base */,
			);
			name = LaunchScreen.storyboard;
			sourceTree = "<group>";
		};
/* End PBXVariantGroup section */

/* Begin XCBuildConfiguration section */
		04A6985E219658CB0071C9C5 /* Debug */ = {
			isa = XCBuildConfiguration;
			buildSettings = {
				ALWAYS_SEARCH_USER_PATHS = NO;
				CLANG_ANALYZER_NONNULL = YES;
				CLANG_ANALYZER_NUMBER_OBJECT_CONVERSION = YES_AGGRESSIVE;
				CLANG_CXX_LANGUAGE_STANDARD = "gnu++14";
				CLANG_CXX_LIBRARY = "libc++";
				CLANG_ENABLE_MODULES = YES;
				CLANG_ENABLE_OBJC_ARC = YES;
				CLANG_ENABLE_OBJC_WEAK = YES;
				CLANG_WARN_BLOCK_CAPTURE_AUTORELEASING = YES;
				CLANG_WARN_BOOL_CONVERSION = YES;
				CLANG_WARN_COMMA = YES;
				CLANG_WARN_CONSTANT_CONVERSION = YES;
				CLANG_WARN_DEPRECATED_OBJC_IMPLEMENTATIONS = YES;
				CLANG_WARN_DIRECT_OBJC_ISA_USAGE = YES_ERROR;
				CLANG_WARN_DOCUMENTATION_COMMENTS = YES;
				CLANG_WARN_EMPTY_BODY = YES;
				CLANG_WARN_ENUM_CONVERSION = YES;
				CLANG_WARN_INFINITE_RECURSION = YES;
				CLANG_WARN_INT_CONVERSION = YES;
				CLANG_WARN_NON_LITERAL_NULL_CONVERSION = YES;
				CLANG_WARN_OBJC_IMPLICIT_RETAIN_SELF = YES;
				CLANG_WARN_OBJC_LITERAL_CONVERSION = YES;
				CLANG_WARN_OBJC_ROOT_CLASS = YES_ERROR;
				CLANG_WARN_RANGE_LOOP_ANALYSIS = YES;
				CLANG_WARN_STRICT_PROTOTYPES = YES;
				CLANG_WARN_SUSPICIOUS_MOVE = YES;
				CLANG_WARN_UNGUARDED_AVAILABILITY = YES_AGGRESSIVE;
				CLANG_WARN_UNREACHABLE_CODE = YES;
				CLANG_WARN__DUPLICATE_METHOD_MATCH = YES;
				CODE_SIGN_IDENTITY = "iPhone Developer";
				COPY_PHASE_STRIP = NO;
				DEBUG_INFORMATION_FORMAT = dwarf;
				ENABLE_STRICT_OBJC_MSGSEND = YES;
				ENABLE_TESTABILITY = YES;
				GCC_C_LANGUAGE_STANDARD = gnu11;
				GCC_DYNAMIC_NO_PIC = NO;
				GCC_NO_COMMON_BLOCKS = YES;
				GCC_OPTIMIZATION_LEVEL = 0;
				GCC_PREPROCESSOR_DEFINITIONS = (
					"DEBUG=1",
					"$(inherited)",
				);
				GCC_WARN_64_TO_32_BIT_CONVERSION = YES;
				GCC_WARN_ABOUT_RETURN_TYPE = YES_ERROR;
				GCC_WARN_UNDECLARED_SELECTOR = YES;
				GCC_WARN_UNINITIALIZED_AUTOS = YES_AGGRESSIVE;
				GCC_WARN_UNUSED_FUNCTION = YES;
				GCC_WARN_UNUSED_VARIABLE = YES;
				IPHONEOS_DEPLOYMENT_TARGET = 12.1;
				MTL_ENABLE_DEBUG_INFO = INCLUDE_SOURCE;
				MTL_FAST_MATH = YES;
				ONLY_ACTIVE_ARCH = YES;
				SDKROOT = iphoneos;
				SWIFT_ACTIVE_COMPILATION_CONDITIONS = DEBUG;
				SWIFT_OPTIMIZATION_LEVEL = "-Onone";
			};
			name = Debug;
		};
		04A6985F219658CB0071C9C5 /* Release */ = {
			isa = XCBuildConfiguration;
			buildSettings = {
				ALWAYS_SEARCH_USER_PATHS = NO;
				CLANG_ANALYZER_NONNULL = YES;
				CLANG_ANALYZER_NUMBER_OBJECT_CONVERSION = YES_AGGRESSIVE;
				CLANG_CXX_LANGUAGE_STANDARD = "gnu++14";
				CLANG_CXX_LIBRARY = "libc++";
				CLANG_ENABLE_MODULES = YES;
				CLANG_ENABLE_OBJC_ARC = YES;
				CLANG_ENABLE_OBJC_WEAK = YES;
				CLANG_WARN_BLOCK_CAPTURE_AUTORELEASING = YES;
				CLANG_WARN_BOOL_CONVERSION = YES;
				CLANG_WARN_COMMA = YES;
				CLANG_WARN_CONSTANT_CONVERSION = YES;
				CLANG_WARN_DEPRECATED_OBJC_IMPLEMENTATIONS = YES;
				CLANG_WARN_DIRECT_OBJC_ISA_USAGE = YES_ERROR;
				CLANG_WARN_DOCUMENTATION_COMMENTS = YES;
				CLANG_WARN_EMPTY_BODY = YES;
				CLANG_WARN_ENUM_CONVERSION = YES;
				CLANG_WARN_INFINITE_RECURSION = YES;
				CLANG_WARN_INT_CONVERSION = YES;
				CLANG_WARN_NON_LITERAL_NULL_CONVERSION = YES;
				CLANG_WARN_OBJC_IMPLICIT_RETAIN_SELF = YES;
				CLANG_WARN_OBJC_LITERAL_CONVERSION = YES;
				CLANG_WARN_OBJC_ROOT_CLASS = YES_ERROR;
				CLANG_WARN_RANGE_LOOP_ANALYSIS = YES;
				CLANG_WARN_STRICT_PROTOTYPES = YES;
				CLANG_WARN_SUSPICIOUS_MOVE = YES;
				CLANG_WARN_UNGUARDED_AVAILABILITY = YES_AGGRESSIVE;
				CLANG_WARN_UNREACHABLE_CODE = YES;
				CLANG_WARN__DUPLICATE_METHOD_MATCH = YES;
				CODE_SIGN_IDENTITY = "iPhone Developer";
				COPY_PHASE_STRIP = NO;
				DEBUG_INFORMATION_FORMAT = "dwarf-with-dsym";
				ENABLE_NS_ASSERTIONS = NO;
				ENABLE_STRICT_OBJC_MSGSEND = YES;
				GCC_C_LANGUAGE_STANDARD = gnu11;
				GCC_NO_COMMON_BLOCKS = YES;
				GCC_WARN_64_TO_32_BIT_CONVERSION = YES;
				GCC_WARN_ABOUT_RETURN_TYPE = YES_ERROR;
				GCC_WARN_UNDECLARED_SELECTOR = YES;
				GCC_WARN_UNINITIALIZED_AUTOS = YES_AGGRESSIVE;
				GCC_WARN_UNUSED_FUNCTION = YES;
				GCC_WARN_UNUSED_VARIABLE = YES;
				IPHONEOS_DEPLOYMENT_TARGET = 12.1;
				MTL_ENABLE_DEBUG_INFO = NO;
				MTL_FAST_MATH = YES;
				SDKROOT = iphoneos;
				SWIFT_COMPILATION_MODE = wholemodule;
				SWIFT_OPTIMIZATION_LEVEL = "-O";
				VALIDATE_PRODUCT = YES;
			};
			name = Release;
		};
		04A69861219658CB0071C9C5 /* Debug */ = {
			isa = XCBuildConfiguration;
			buildSettings = {
				ASSETCATALOG_COMPILER_APPICON_NAME = AppIcon;
				CODE_SIGN_STYLE = Automatic;
				INFOPLIST_FILE = "iOSArcTouchChallenge/Supporting Files/Info.plist";
				LD_RUNPATH_SEARCH_PATHS = (
					"$(inherited)",
					"@executable_path/Frameworks",
				);
				PRODUCT_BUNDLE_IDENTIFIER = com.ricsgobbe.iOSArcTouchChallenge;
				PRODUCT_NAME = "$(TARGET_NAME)";
				SWIFT_VERSION = 4.2;
				TARGETED_DEVICE_FAMILY = "1,2";
			};
			name = Debug;
		};
		04A69862219658CB0071C9C5 /* Release */ = {
			isa = XCBuildConfiguration;
			buildSettings = {
				ASSETCATALOG_COMPILER_APPICON_NAME = AppIcon;
				CODE_SIGN_STYLE = Automatic;
				INFOPLIST_FILE = "iOSArcTouchChallenge/Supporting Files/Info.plist";
				LD_RUNPATH_SEARCH_PATHS = (
					"$(inherited)",
					"@executable_path/Frameworks",
				);
				PRODUCT_BUNDLE_IDENTIFIER = com.ricsgobbe.iOSArcTouchChallenge;
				PRODUCT_NAME = "$(TARGET_NAME)";
				SWIFT_VERSION = 4.2;
				TARGETED_DEVICE_FAMILY = "1,2";
			};
			name = Release;
		};
		04A69864219658CB0071C9C5 /* Debug */ = {
			isa = XCBuildConfiguration;
			buildSettings = {
				ALWAYS_EMBED_SWIFT_STANDARD_LIBRARIES = YES;
				BUNDLE_LOADER = "$(TEST_HOST)";
				CODE_SIGN_STYLE = Automatic;
				INFOPLIST_FILE = iOSArcTouchChallengeTests/Info.plist;
				LD_RUNPATH_SEARCH_PATHS = (
					"$(inherited)",
					"@executable_path/Frameworks",
					"@loader_path/Frameworks",
				);
				PRODUCT_BUNDLE_IDENTIFIER = com.ricsgobbe.iOSArcTouchChallengeTests;
				PRODUCT_NAME = "$(TARGET_NAME)";
				SWIFT_VERSION = 4.2;
				TARGETED_DEVICE_FAMILY = "1,2";
				TEST_HOST = "$(BUILT_PRODUCTS_DIR)/iOSArcTouchChallenge.app/iOSArcTouchChallenge";
			};
			name = Debug;
		};
		04A69865219658CB0071C9C5 /* Release */ = {
			isa = XCBuildConfiguration;
			buildSettings = {
				ALWAYS_EMBED_SWIFT_STANDARD_LIBRARIES = YES;
				BUNDLE_LOADER = "$(TEST_HOST)";
				CODE_SIGN_STYLE = Automatic;
				INFOPLIST_FILE = iOSArcTouchChallengeTests/Info.plist;
				LD_RUNPATH_SEARCH_PATHS = (
					"$(inherited)",
					"@executable_path/Frameworks",
					"@loader_path/Frameworks",
				);
				PRODUCT_BUNDLE_IDENTIFIER = com.ricsgobbe.iOSArcTouchChallengeTests;
				PRODUCT_NAME = "$(TARGET_NAME)";
				SWIFT_VERSION = 4.2;
				TARGETED_DEVICE_FAMILY = "1,2";
				TEST_HOST = "$(BUILT_PRODUCTS_DIR)/iOSArcTouchChallenge.app/iOSArcTouchChallenge";
			};
			name = Release;
		};
/* End XCBuildConfiguration section */

/* Begin XCConfigurationList section */
		04A6983E219658C80071C9C5 /* Build configuration list for PBXProject "iOSArcTouchChallenge" */ = {
			isa = XCConfigurationList;
			buildConfigurations = (
				04A6985E219658CB0071C9C5 /* Debug */,
				04A6985F219658CB0071C9C5 /* Release */,
			);
			defaultConfigurationIsVisible = 0;
			defaultConfigurationName = Release;
		};
		04A69860219658CB0071C9C5 /* Build configuration list for PBXNativeTarget "iOSArcTouchChallenge" */ = {
			isa = XCConfigurationList;
			buildConfigurations = (
				04A69861219658CB0071C9C5 /* Debug */,
				04A69862219658CB0071C9C5 /* Release */,
			);
			defaultConfigurationIsVisible = 0;
			defaultConfigurationName = Release;
		};
		04A69863219658CB0071C9C5 /* Build configuration list for PBXNativeTarget "iOSArcTouchChallengeTests" */ = {
			isa = XCConfigurationList;
			buildConfigurations = (
				04A69864219658CB0071C9C5 /* Debug */,
				04A69865219658CB0071C9C5 /* Release */,
			);
			defaultConfigurationIsVisible = 0;
			defaultConfigurationName = Release;
		};
/* End XCConfigurationList section */
	};
	rootObject = 04A6983B219658C80071C9C5 /* Project object */;
}
